<?xml version="1.0" encoding="utf-8"?>
<Project ToolsVersion="4.0" xmlns="http://schemas.microsoft.com/developer/msbuild/2003">
  <ItemGroup>
    <Filter Include="Source Files">
      <UniqueIdentifier>{4FC737F1-C7A5-4376-A066-2A32D752A2FF}</UniqueIdentifier>
      <Extensions>cpp;c;cc;cxx;def;odl;idl;hpj;bat;asm;asmx</Extensions>
    </Filter>
    <Filter Include="Header Files">
      <UniqueIdentifier>{93995380-89BD-4b04-88EB-625FBE52EBFB}</UniqueIdentifier>
      <Extensions>h;hh;hpp;hxx;hm;inl;inc;xsd</Extensions>
    </Filter>
    <Filter Include="Shaders">
      <UniqueIdentifier>{30794ce8-5ce8-4842-9051-8222b052f685}</UniqueIdentifier>
    </Filter>
    <Filter Include="wolf">
      <UniqueIdentifier>{b860bbb6-4567-45b0-af3d-d165d61f4b8d}</UniqueIdentifier>
    </Filter>
    <Filter Include="Source Files\WaterRendering">
      <UniqueIdentifier>{8a8b6ba8-5a50-46ea-8a99-f0057583001f}</UniqueIdentifier>
    </Filter>
    <Filter Include="Header Files\WaterRendering">
      <UniqueIdentifier>{17d716a1-7a9d-4b94-8cf8-5ef51d77f680}</UniqueIdentifier>
    </Filter>
    <Filter Include="Header Files\CityModel">
      <UniqueIdentifier>{8522e484-9da0-4d14-9a4f-825ef08034fd}</UniqueIdentifier>
    </Filter>
    <Filter Include="Source Files\CityModel">
      <UniqueIdentifier>{8bd651be-f009-4110-afb5-d8f70a1cf108}</UniqueIdentifier>
    </Filter>
    <Filter Include="Header Files\Blend">
      <UniqueIdentifier>{9be458d7-e373-4764-af33-5766958e3600}</UniqueIdentifier>
    </Filter>
    <Filter Include="Source Files\Blend">
      <UniqueIdentifier>{6b298a57-37ec-4ae0-876b-193744c42d90}</UniqueIdentifier>
    </Filter>
    <Filter Include="Header Files\Caustic">
      <UniqueIdentifier>{36466ad6-0228-4fb2-afcc-84e9a2639d97}</UniqueIdentifier>
    </Filter>
    <Filter Include="Source Files\Caustic">
      <UniqueIdentifier>{6da31463-47cb-4060-9fcf-3eda39a97c7d}</UniqueIdentifier>
    </Filter>
    <Filter Include="Header Files\Interpolation">
      <UniqueIdentifier>{27429585-8213-498d-9749-bc32b4852714}</UniqueIdentifier>
    </Filter>
    <Filter Include="Source Files\Interpolation">
      <UniqueIdentifier>{41949631-37a1-474a-b3ec-7672d7da80f4}</UniqueIdentifier>
    </Filter>
    <Filter Include="Header Files\ParticleSystem">
      <UniqueIdentifier>{a7661017-c0a4-4cf5-a300-2324766f3adc}</UniqueIdentifier>
    </Filter>
    <Filter Include="Source Files\ParticleSystem">
      <UniqueIdentifier>{65840fcc-eb55-4928-93f8-8fd2b3ed898d}</UniqueIdentifier>
    </Filter>
    <Filter Include="Source Files\base">
      <UniqueIdentifier>{c1f2c1fa-3aee-4f28-a1e3-59895ac26795}</UniqueIdentifier>
    </Filter>
    <Filter Include="Header Files\Base">
      <UniqueIdentifier>{9c69605d-de93-4653-9e90-e6651d80271d}</UniqueIdentifier>
    </Filter>
    <Filter Include="Header Files\RotateCube">
      <UniqueIdentifier>{0a5ad71d-ec48-4b4d-aa8a-a594280fefd8}</UniqueIdentifier>
    </Filter>
    <Filter Include="Source Files\RotateCube">
      <UniqueIdentifier>{1f8d42e4-b2fc-4385-8803-9474ed7b2c24}</UniqueIdentifier>
    </Filter>
    <Filter Include="Header Files\RotateTextureCube">
      <UniqueIdentifier>{45a71d4e-6459-4dc2-8331-6431ee9be9c9}</UniqueIdentifier>
    </Filter>
    <Filter Include="Source Files\RotateTextureCube">
      <UniqueIdentifier>{a759047b-6c15-4e5b-b097-b27f68a79bdd}</UniqueIdentifier>
    </Filter>
    <Filter Include="Tiny">
      <UniqueIdentifier>{6cf7a7c9-fb74-4821-a7eb-cdd10cff768f}</UniqueIdentifier>
    </Filter>
    <Filter Include="SOIL">
      <UniqueIdentifier>{a10039bd-099f-4a91-86c8-339361adcc1b}</UniqueIdentifier>
    </Filter>
    <Filter Include="Header Files\common">
      <UniqueIdentifier>{22d56a7d-9238-42ff-937b-f9e3b9a5cc33}</UniqueIdentifier>
    </Filter>
    <Filter Include="Source Files\common">
      <UniqueIdentifier>{5ecd1ecc-480c-40bd-be23-aee182108b40}</UniqueIdentifier>
    </Filter>
    <Filter Include="Source Files\RayTracing">
      <UniqueIdentifier>{72031085-7f62-4ec3-8238-f452980a7eba}</UniqueIdentifier>
    </Filter>
    <Filter Include="Header Files\Geometry">
      <UniqueIdentifier>{25c7551a-72b5-4d09-b83d-b4a54a3d72f4}</UniqueIdentifier>
    </Filter>
    <Filter Include="Source Files\Geometry">
      <UniqueIdentifier>{d554ebbb-5729-4e27-9176-f403b1ec7f90}</UniqueIdentifier>
    </Filter>
    <Filter Include="Shaders\Geometry">
      <UniqueIdentifier>{00a953b9-6930-4d8a-9d56-7c720769be36}</UniqueIdentifier>
    </Filter>
  </ItemGroup>
  <ItemGroup>
    <Text Include="ReadMe.txt" />
  </ItemGroup>
  <ItemGroup>
    <ClInclude Include="..\wolf\W_Buffer.h">
      <Filter>wolf</Filter>
    </ClInclude>
    <ClInclude Include="..\wolf\W_BufferManager.h">
      <Filter>wolf</Filter>
    </ClInclude>
    <ClInclude Include="..\wolf\W_Common.h">
      <Filter>wolf</Filter>
    </ClInclude>
    <ClInclude Include="..\wolf\W_IndexBuffer.h">
      <Filter>wolf</Filter>
    </ClInclude>
    <ClInclude Include="..\wolf\W_Material.h">
      <Filter>wolf</Filter>
    </ClInclude>
    <ClInclude Include="..\wolf\W_MaterialManager.h">
      <Filter>wolf</Filter>
    </ClInclude>
    <ClInclude Include="..\wolf\W_Program.h">
      <Filter>wolf</Filter>
    </ClInclude>
    <ClInclude Include="..\wolf\W_ProgramManager.h">
      <Filter>wolf</Filter>
    </ClInclude>
    <ClInclude Include="..\wolf\W_Texture.h">
      <Filter>wolf</Filter>
    </ClInclude>
    <ClInclude Include="..\wolf\W_TextureManager.h">
      <Filter>wolf</Filter>
    </ClInclude>
    <ClInclude Include="..\wolf\W_Types.h">
      <Filter>wolf</Filter>
    </ClInclude>
    <ClInclude Include="..\wolf\W_VertexBuffer.h">
      <Filter>wolf</Filter>
    </ClInclude>
    <ClInclude Include="..\wolf\W_VertexDeclaration.h">
      <Filter>wolf</Filter>
    </ClInclude>
    <ClInclude Include="WaterRendering\WaterRenderingExample.hpp">
      <Filter>Header Files\WaterRendering</Filter>
    </ClInclude>
    <ClInclude Include="CityModelExample\AABBCollider.h">
      <Filter>Header Files\CityModel</Filter>
    </ClInclude>
    <ClInclude Include="CityModelExample\Camera.h">
      <Filter>Header Files\CityModel</Filter>
    </ClInclude>
    <ClInclude Include="CityModelExample\CityModelExample.h">
      <Filter>Header Files\CityModel</Filter>
    </ClInclude>
    <ClInclude Include="CityModelExample\CityModeller.h">
      <Filter>Header Files\CityModel</Filter>
    </ClInclude>
    <ClInclude Include="CityModelExample\Collider.h">
      <Filter>Header Files\CityModel</Filter>
    </ClInclude>
    <ClInclude Include="CityModelExample\CollisionDetector.h">
      <Filter>Header Files\CityModel</Filter>
    </ClInclude>
    <ClInclude Include="CityModelExample\CollisionHelper.h">
      <Filter>Header Files\CityModel</Filter>
    </ClInclude>
    <ClInclude Include="CityModelExample\CollisionPackage.h">
      <Filter>Header Files\CityModel</Filter>
    </ClInclude>
    <ClInclude Include="CityModelExample\CubemapTexture.h">
      <Filter>Header Files\CityModel</Filter>
    </ClInclude>
    <ClInclude Include="CityModelExample\DirectionalLight.h">
      <Filter>Header Files\CityModel</Filter>
    </ClInclude>
    <ClInclude Include="CityModelExample\FormatTranslator.h">
      <Filter>Header Files\CityModel</Filter>
    </ClInclude>
    <ClInclude Include="CityModelExample\Frustum.h">
      <Filter>Header Files\CityModel</Filter>
    </ClInclude>
    <ClInclude Include="CityModelExample\Helper.h">
      <Filter>Header Files\CityModel</Filter>
    </ClInclude>
    <ClInclude Include="CityModelExample\Light.h">
      <Filter>Header Files\CityModel</Filter>
    </ClInclude>
    <ClInclude Include="CityModelExample\Node.h">
      <Filter>Header Files\CityModel</Filter>
    </ClInclude>
    <ClInclude Include="CityModelExample\Plane.h">
      <Filter>Header Files\CityModel</Filter>
    </ClInclude>
    <ClInclude Include="CityModelExample\SkyBox.h">
      <Filter>Header Files\CityModel</Filter>
    </ClInclude>
    <ClInclude Include="CityModelExample\SphereCollider.h">
      <Filter>Header Files\CityModel</Filter>
    </ClInclude>
    <ClInclude Include="CityModelExample\struct.h">
      <Filter>Header Files\CityModel</Filter>
    </ClInclude>
    <ClInclude Include="CityModelExample\SurfaceMaterial.h">
      <Filter>Header Files\CityModel</Filter>
    </ClInclude>
    <ClInclude Include="BlendExample\BlendExample.h">
      <Filter>Header Files\Blend</Filter>
    </ClInclude>
    <ClInclude Include="CausticExample\CausticExample.h">
      <Filter>Header Files\Caustic</Filter>
    </ClInclude>
    <ClInclude Include="CausticExample\CausticPanel.h">
      <Filter>Header Files\Caustic</Filter>
    </ClInclude>
    <ClInclude Include="WaterRendering\WaterQuad.hpp">
      <Filter>Header Files\WaterRendering</Filter>
    </ClInclude>
    <ClInclude Include="Interpolation\InterpolationExample.h">
      <Filter>Header Files\Interpolation</Filter>
    </ClInclude>
    <ClInclude Include="ParticleSystem\AddVelAffector.h">
      <Filter>Header Files\ParticleSystem</Filter>
    </ClInclude>
    <ClInclude Include="ParticleSystem\Affector.h">
      <Filter>Header Files\ParticleSystem</Filter>
    </ClInclude>
    <ClInclude Include="ParticleSystem\ColorAffector.h">
      <Filter>Header Files\ParticleSystem</Filter>
    </ClInclude>
    <ClInclude Include="ParticleSystem\ColorBlendingAffector.h">
      <Filter>Header Files\ParticleSystem</Filter>
    </ClInclude>
    <ClInclude Include="ParticleSystem\Effect.h">
      <Filter>Header Files\ParticleSystem</Filter>
    </ClInclude>
    <ClInclude Include="ParticleSystem\Emitter.h">
      <Filter>Header Files\ParticleSystem</Filter>
    </ClInclude>
    <ClInclude Include="ExampleBase.hpp">
      <Filter>Header Files\ParticleSystem</Filter>
    </ClInclude>
    <ClInclude Include="ParticleSystem\FadeAffector.h">
      <Filter>Header Files\ParticleSystem</Filter>
    </ClInclude>
    <ClInclude Include="ParticleSystem\ScaleAffector.h">
      <Filter>Header Files\ParticleSystem</Filter>
    </ClInclude>
    <ClInclude Include="ParticleSystem\ParticleSystemExample.h">
      <Filter>Header Files\ParticleSystem</Filter>
    </ClInclude>
    <ClInclude Include="ParticleSystem\ParticleStruct.h">
      <Filter>Header Files\ParticleSystem</Filter>
    </ClInclude>
    <ClInclude Include="Game.hpp">
      <Filter>Header Files\Base</Filter>
    </ClInclude>
    <ClInclude Include="ParticleSystem\HelperFunction.h">
      <Filter>Header Files\Base</Filter>
    </ClInclude>
    <ClInclude Include="KeyboardInputHandler.hpp">
      <Filter>Header Files\Base</Filter>
    </ClInclude>
    <ClInclude Include="MouseInputHandler.hpp">
      <Filter>Header Files\Base</Filter>
    </ClInclude>
    <ClInclude Include="Quad.hpp">
      <Filter>Header Files\Base</Filter>
    </ClInclude>
    <ClInclude Include="Renderable.hpp">
      <Filter>Header Files\Base</Filter>
    </ClInclude>
    <ClInclude Include="RotateCube\RotateCubeExample.h">
      <Filter>Header Files\RotateCube</Filter>
    </ClInclude>
    <ClInclude Include="RotateTextureCube\RotateTextureCubeExample.h">
      <Filter>Header Files\RotateTextureCube</Filter>
    </ClInclude>
    <ClInclude Include="..\Tiny\tinystr.h">
      <Filter>Tiny</Filter>
    </ClInclude>
    <ClInclude Include="..\Tiny\tinyxml.h">
      <Filter>Tiny</Filter>
    </ClInclude>
    <ClInclude Include="..\SimpleOpenGLImageLibrary\src\image_DXT.h">
      <Filter>SOIL</Filter>
    </ClInclude>
    <ClInclude Include="..\SimpleOpenGLImageLibrary\src\image_helper.h">
      <Filter>SOIL</Filter>
    </ClInclude>
    <ClInclude Include="..\SimpleOpenGLImageLibrary\src\SOIL.h">
      <Filter>SOIL</Filter>
    </ClInclude>
    <ClInclude Include="..\SimpleOpenGLImageLibrary\src\stbi_DDS_aug.h">
      <Filter>SOIL</Filter>
    </ClInclude>
    <ClInclude Include="..\SimpleOpenGLImageLibrary\src\stbi_DDS_aug_c.h">
      <Filter>SOIL</Filter>
    </ClInclude>
    <ClInclude Include="..\SimpleOpenGLImageLibrary\src\stb_image_aug.h">
      <Filter>SOIL</Filter>
    </ClInclude>
    <ClInclude Include="common\RenderTarget.h">
      <Filter>Header Files\common</Filter>
    </ClInclude>
    <ClInclude Include="common\TexturedPanel.h">
      <Filter>Header Files\common</Filter>
    </ClInclude>
    <ClInclude Include="Geometry\Cube.h">
      <Filter>Header Files\Geometry</Filter>
    </ClInclude>
    <ClInclude Include="Geometry\Ray.h">
      <Filter>Header Files\Geometry</Filter>
    </ClInclude>
    <ClInclude Include="Geometry\Triangle.h">
      <Filter>Header Files\Geometry</Filter>
    </ClInclude>
    <ClInclude Include="Geometry\SingleColorSphere.h">
      <Filter>Header Files\Geometry</Filter>
    </ClInclude>
    <ClInclude Include="Geometry\RenderableSphere.h">
      <Filter>Header Files\Geometry</Filter>
    </ClInclude>
    <ClInclude Include="Geometry\GeometryExample.hpp">
      <Filter>Header Files\Geometry</Filter>
    </ClInclude>
    <ClInclude Include="Geometry\TexturedSphere.hpp">
      <Filter>Header Files\Geometry</Filter>
    </ClInclude>
    <ClInclude Include="Geometry\EnvMappedSphere.hpp">
      <Filter>Header Files\Geometry</Filter>
    </ClInclude>
    <ClInclude Include="Geometry\EnvMappedTransparentSphere.hpp">
      <Filter>Header Files\Geometry</Filter>
    </ClInclude>
  </ItemGroup>
  <ItemGroup>
    <ClCompile Include="..\wolf\W_Buffer.cpp">
      <Filter>wolf</Filter>
    </ClCompile>
    <ClCompile Include="..\wolf\W_BufferManager.cpp">
      <Filter>wolf</Filter>
    </ClCompile>
    <ClCompile Include="..\wolf\W_Common.cpp">
      <Filter>wolf</Filter>
    </ClCompile>
    <ClCompile Include="..\wolf\W_IndexBuffer.cpp">
      <Filter>wolf</Filter>
    </ClCompile>
    <ClCompile Include="..\wolf\W_Material.cpp">
      <Filter>wolf</Filter>
    </ClCompile>
    <ClCompile Include="..\wolf\W_MaterialManager.cpp">
      <Filter>wolf</Filter>
    </ClCompile>
    <ClCompile Include="..\wolf\W_Program.cpp">
      <Filter>wolf</Filter>
    </ClCompile>
    <ClCompile Include="..\wolf\W_ProgramManager.cpp">
      <Filter>wolf</Filter>
    </ClCompile>
    <ClCompile Include="..\wolf\W_Texture.cpp">
      <Filter>wolf</Filter>
    </ClCompile>
    <ClCompile Include="..\wolf\W_TextureManager.cpp">
      <Filter>wolf</Filter>
    </ClCompile>
    <ClCompile Include="..\wolf\W_VertexBuffer.cpp">
      <Filter>wolf</Filter>
    </ClCompile>
    <ClCompile Include="..\wolf\W_VertexDeclaration.cpp">
      <Filter>wolf</Filter>
    </ClCompile>
    <ClCompile Include="WaterRendering\WaterRenderingExample.cpp">
      <Filter>Source Files\WaterRendering</Filter>
    </ClCompile>
    <ClCompile Include="CityModelExample\AABBCollider.cpp">
      <Filter>Source Files\CityModel</Filter>
    </ClCompile>
    <ClCompile Include="CityModelExample\Camera.cpp">
      <Filter>Source Files\CityModel</Filter>
    </ClCompile>
    <ClCompile Include="CityModelExample\CityModelExample.cpp">
      <Filter>Source Files\CityModel</Filter>
    </ClCompile>
    <ClCompile Include="CityModelExample\CityModeller.cpp">
      <Filter>Source Files\CityModel</Filter>
    </ClCompile>
    <ClCompile Include="CityModelExample\Collider.cpp">
      <Filter>Source Files\CityModel</Filter>
    </ClCompile>
    <ClCompile Include="CityModelExample\collidetest.cpp">
      <Filter>Source Files\CityModel</Filter>
    </ClCompile>
    <ClCompile Include="CityModelExample\CollisionDetector.cpp">
      <Filter>Source Files\CityModel</Filter>
    </ClCompile>
    <ClCompile Include="CityModelExample\CubemapTexture.cpp">
      <Filter>Source Files\CityModel</Filter>
    </ClCompile>
    <ClCompile Include="CityModelExample\DirectionalLightcpp.cpp">
      <Filter>Source Files\CityModel</Filter>
    </ClCompile>
    <ClCompile Include="CityModelExample\FormatTranslator.cpp">
      <Filter>Source Files\CityModel</Filter>
    </ClCompile>
    <ClCompile Include="CityModelExample\Frustum.cpp">
      <Filter>Source Files\CityModel</Filter>
    </ClCompile>
    <ClCompile Include="main.cpp">
      <Filter>Source Files\CityModel</Filter>
    </ClCompile>
    <ClCompile Include="CityModelExample\Node.cpp">
      <Filter>Source Files\CityModel</Filter>
    </ClCompile>
    <ClCompile Include="CityModelExample\SkyBox.cpp">
      <Filter>Source Files\CityModel</Filter>
    </ClCompile>
    <ClCompile Include="CityModelExample\SphereCollider.cpp">
      <Filter>Source Files\CityModel</Filter>
    </ClCompile>
    <ClCompile Include="BlendExample\BlendExample.cpp">
      <Filter>Source Files\Blend</Filter>
    </ClCompile>
    <ClCompile Include="CausticExample\CausticExample.cpp">
      <Filter>Source Files\Caustic</Filter>
    </ClCompile>
    <ClCompile Include="CausticExample\CausticPanel.cpp">
      <Filter>Source Files\Caustic</Filter>
    </ClCompile>
    <ClCompile Include="WaterRendering\WaterQuad.cpp">
      <Filter>Source Files\WaterRendering</Filter>
    </ClCompile>
    <ClCompile Include="Interpolation\InterpolationExample.cpp">
      <Filter>Source Files\Interpolation</Filter>
    </ClCompile>
    <ClCompile Include="ParticleSystem\AddVelAffector.cpp">
      <Filter>Source Files\ParticleSystem</Filter>
    </ClCompile>
    <ClCompile Include="ParticleSystem\ColorAffector.cpp">
      <Filter>Source Files\ParticleSystem</Filter>
    </ClCompile>
    <ClCompile Include="ParticleSystem\ColorBlendingAffector.cpp">
      <Filter>Source Files\ParticleSystem</Filter>
    </ClCompile>
    <ClCompile Include="ParticleSystem\Effect.cpp">
      <Filter>Source Files\ParticleSystem</Filter>
    </ClCompile>
    <ClCompile Include="ParticleSystem\Emitter.cpp">
      <Filter>Source Files\ParticleSystem</Filter>
    </ClCompile>
    <ClCompile Include="ParticleSystem\FadeAffector.cpp">
      <Filter>Source Files\ParticleSystem</Filter>
    </ClCompile>
    <ClCompile Include="ParticleSystem\ParticleSystemExample.cpp">
      <Filter>Source Files\ParticleSystem</Filter>
    </ClCompile>
    <ClCompile Include="ParticleSystem\ScaleAffector.cpp">
      <Filter>Source Files\ParticleSystem</Filter>
    </ClCompile>
    <ClCompile Include="ExampleBase.cpp">
      <Filter>Source Files\base</Filter>
    </ClCompile>
    <ClCompile Include="Game.cpp">
      <Filter>Source Files\base</Filter>
    </ClCompile>
    <ClCompile Include="ParticleSystem\HelperFunction.cpp">
      <Filter>Source Files\base</Filter>
    </ClCompile>
    <ClCompile Include="Quad.cpp">
      <Filter>Source Files\base</Filter>
    </ClCompile>
    <ClCompile Include="stdafx.cpp">
      <Filter>Source Files\base</Filter>
    </ClCompile>
    <ClCompile Include="RotateCube\RotateCubeExample.cpp">
      <Filter>Source Files\RotateCube</Filter>
    </ClCompile>
    <ClCompile Include="RotateTextureCube\RotateTextureCubeExample.cpp">
      <Filter>Source Files\RotateTextureCube</Filter>
    </ClCompile>
    <ClCompile Include="..\Tiny\tinystr.cpp">
      <Filter>Tiny</Filter>
    </ClCompile>
    <ClCompile Include="..\Tiny\tinyxml.cpp">
      <Filter>Tiny</Filter>
    </ClCompile>
    <ClCompile Include="..\Tiny\tinyxmlerror.cpp">
      <Filter>Tiny</Filter>
    </ClCompile>
    <ClCompile Include="..\Tiny\tinyxmlparser.cpp">
      <Filter>Tiny</Filter>
    </ClCompile>
    <ClCompile Include="..\SimpleOpenGLImageLibrary\src\image_DXT.c">
      <Filter>SOIL</Filter>
    </ClCompile>
    <ClCompile Include="..\SimpleOpenGLImageLibrary\src\image_helper.c">
      <Filter>SOIL</Filter>
    </ClCompile>
    <ClCompile Include="..\SimpleOpenGLImageLibrary\src\SOIL.c">
      <Filter>SOIL</Filter>
    </ClCompile>
    <ClCompile Include="..\SimpleOpenGLImageLibrary\src\stb_image_aug.c">
      <Filter>SOIL</Filter>
    </ClCompile>
    <ClCompile Include="common\RenderTarget.cpp">
      <Filter>Source Files\common</Filter>
    </ClCompile>
    <ClCompile Include="common\TexturedPanel.cpp">
      <Filter>Source Files\common</Filter>
    </ClCompile>
    <ClCompile Include="Geometry\Ray.cpp">
      <Filter>Source Files\Geometry</Filter>
    </ClCompile>
    <ClCompile Include="Geometry\SingleColorSphere.cpp">
      <Filter>Source Files\Geometry</Filter>
    </ClCompile>
    <ClCompile Include="Geometry\RenderableSphere.cpp">
      <Filter>Source Files\Geometry</Filter>
    </ClCompile>
    <ClCompile Include="Geometry\GeometryExample.cpp">
      <Filter>Source Files\Geometry</Filter>
    </ClCompile>
    <ClCompile Include="Geometry\TexturedSphere.cpp">
      <Filter>Source Files\Geometry</Filter>
    </ClCompile>
    <ClCompile Include="Geometry\EnvMappedSphere.cpp">
      <Filter>Source Files\Geometry</Filter>
    </ClCompile>
    <ClCompile Include="Geometry\EnvMappedTransparentSphere.cpp">
      <Filter>Source Files\Geometry</Filter>
    </ClCompile>
  </ItemGroup>
  <ItemGroup>
    <None Include="..\shaders\Blend.fsh">
      <Filter>Shaders</Filter>
    </None>
    <None Include="..\shaders\city_model.fsh">
      <Filter>Shaders</Filter>
    </None>
    <None Include="..\shaders\interpolation.fsh">
      <Filter>Shaders</Filter>
    </None>
    <None Include="..\shaders\RotateCube.fsh">
      <Filter>Shaders</Filter>
    </None>
    <None Include="..\shaders\RotateTextureCube.fsh">
      <Filter>Shaders</Filter>
    </None>
    <None Include="..\shaders\skybox.fsh">
      <Filter>Shaders</Filter>
    </None>
    <None Include="..\SimpleOpenGLImageLibrary\soil.html">
      <Filter>SOIL</Filter>
    </None>
    <None Include="..\shaders\water\water.fsh">
      <Filter>Shaders</Filter>
    </None>
    <None Include="..\shaders\Geometry\SingleColorSphere.fsh">
      <Filter>Shaders\Geometry</Filter>
    </None>
    <None Include="..\shaders\Geometry\TexturedSphere.fsh">
      <Filter>Shaders\Geometry</Filter>
    </None>
    <None Include="..\shaders\causticPanel\CausticPanel.fsh">
      <Filter>Shaders</Filter>
    </None>
    <None Include="..\shaders\Geometry\EnvMappedSphere.fsh">
      <Filter>Shaders\Geometry</Filter>
    </None>
    <None Include="..\shaders\Geometry\EnvMappedTransparentSphere.fsh">
      <Filter>Shaders\Geometry</Filter>
    </None>
  </ItemGroup>
  <ItemGroup>
    <FxCompile Include="..\shaders\Blend.vsh">
      <Filter>Shaders</Filter>
    </FxCompile>
    <FxCompile Include="..\shaders\city_model.vsh">
      <Filter>Shaders</Filter>
    </FxCompile>
    <FxCompile Include="..\shaders\interpolation.vsh">
      <Filter>Shaders</Filter>
    </FxCompile>
    <FxCompile Include="..\shaders\RotateCube.vsh">
      <Filter>Shaders</Filter>
    </FxCompile>
    <FxCompile Include="..\shaders\RotateTextureCube.vsh">
      <Filter>Shaders</Filter>
    </FxCompile>
    <FxCompile Include="..\shaders\skybox.vsh">
      <Filter>Shaders</Filter>
    </FxCompile>
    <FxCompile Include="..\shaders\water\water.vsh">
      <Filter>Shaders</Filter>
    </FxCompile>
    <FxCompile Include="..\shaders\Geometry\SingleColorSphere.vsh">
      <Filter>Shaders\Geometry</Filter>
    </FxCompile>
    <FxCompile Include="..\shaders\Geometry\TexturedSphere.vsh">
      <Filter>Shaders\Geometry</Filter>
    </FxCompile>
    <FxCompile Include="..\shaders\causticPanel\CausticPanel.vsh">
      <Filter>Shaders</Filter>
    </FxCompile>
    <FxCompile Include="..\shaders\Geometry\EnvMappedSphere.vsh">
      <Filter>Shaders\Geometry</Filter>
    </FxCompile>
    <FxCompile Include="..\shaders\Geometry\EnvMappedTransparentSphere.vsh">
      <Filter>Shaders\Geometry</Filter>
    </FxCompile>
  </ItemGroup>
</Project>