// !$*UTF8*$!
{
	archiveVersion = 1;
	classes = {
	};
	objectVersion = 46;
	objects = {

/* Begin PBXBuildFile section */
		4B130C081E7B915B00BA4F0B /* libGLEW.2.0.0.dylib in Frameworks */ = {isa = PBXBuildFile; fileRef = 4B5CF0DC1E7B89A100623C6D /* libGLEW.2.0.0.dylib */; };
		4B130C091E7B916E00BA4F0B /* libglfw.3.2.dylib in Frameworks */ = {isa = PBXBuildFile; fileRef = 4B130C051E7B8E0700BA4F0B /* libglfw.3.2.dylib */; };
		4B130C0B1E7B9C5D00BA4F0B /* libfreeimage.3.17.0.dylib in Frameworks */ = {isa = PBXBuildFile; fileRef = 4B130C0A1E7B9C5D00BA4F0B /* libfreeimage.3.17.0.dylib */; };
		4B26F1781E88A783009E4728 /* BlendExample.cpp in Sources */ = {isa = PBXBuildFile; fileRef = 4B26F1761E88A783009E4728 /* BlendExample.cpp */; };
		4B26F17C1E88A7BF009E4728 /* RotateCubeExample.cpp in Sources */ = {isa = PBXBuildFile; fileRef = 4B26F17A1E88A7BF009E4728 /* RotateCubeExample.cpp */; };
		4B26F1801E88A7EB009E4728 /* RotateTextureCubeExample.cpp in Sources */ = {isa = PBXBuildFile; fileRef = 4B26F17E1E88A7EB009E4728 /* RotateTextureCubeExample.cpp */; };
		4B26F1841E88A868009E4728 /* InterpolationExample.cpp in Sources */ = {isa = PBXBuildFile; fileRef = 4B26F1821E88A868009E4728 /* InterpolationExample.cpp */; };
		4B26F1AD1E88E441009E4728 /* Game.cpp in Sources */ = {isa = PBXBuildFile; fileRef = 4B26F1AB1E88E441009E4728 /* Game.cpp */; };
		4B26F1D91E890049009E4728 /* AABBCollider.cpp in Sources */ = {isa = PBXBuildFile; fileRef = 4B26F1B21E890049009E4728 /* AABBCollider.cpp */; };
		4B26F1DA1E890049009E4728 /* Camera.cpp in Sources */ = {isa = PBXBuildFile; fileRef = 4B26F1B41E890049009E4728 /* Camera.cpp */; };
		4B26F1DB1E890049009E4728 /* CityModeller.cpp in Sources */ = {isa = PBXBuildFile; fileRef = 4B26F1B61E890049009E4728 /* CityModeller.cpp */; };
		4B26F1DC1E890049009E4728 /* Collider.cpp in Sources */ = {isa = PBXBuildFile; fileRef = 4B26F1B81E890049009E4728 /* Collider.cpp */; };
		4B26F1DD1E890049009E4728 /* collidetest.cpp in Sources */ = {isa = PBXBuildFile; fileRef = 4B26F1BA1E890049009E4728 /* collidetest.cpp */; };
		4B26F1DE1E890049009E4728 /* CollisionDetector.cpp in Sources */ = {isa = PBXBuildFile; fileRef = 4B26F1BB1E890049009E4728 /* CollisionDetector.cpp */; };
		4B26F1DF1E890049009E4728 /* CubemapTexture.cpp in Sources */ = {isa = PBXBuildFile; fileRef = 4B26F1C01E890049009E4728 /* CubemapTexture.cpp */; };
		4B26F1E01E890049009E4728 /* DirectionalLightcpp.cpp in Sources */ = {isa = PBXBuildFile; fileRef = 4B26F1C31E890049009E4728 /* DirectionalLightcpp.cpp */; };
		4B26F1E11E890049009E4728 /* FormatTranslator.cpp in Sources */ = {isa = PBXBuildFile; fileRef = 4B26F1C41E890049009E4728 /* FormatTranslator.cpp */; };
		4B26F1E21E890049009E4728 /* Frustum.cpp in Sources */ = {isa = PBXBuildFile; fileRef = 4B26F1C61E890049009E4728 /* Frustum.cpp */; };
		4B26F1E31E890049009E4728 /* Node.cpp in Sources */ = {isa = PBXBuildFile; fileRef = 4B26F1CA1E890049009E4728 /* Node.cpp */; };
		4B26F1E41E890049009E4728 /* Ray.cpp in Sources */ = {isa = PBXBuildFile; fileRef = 4B26F1CD1E890049009E4728 /* Ray.cpp */; };
		4B26F1E51E890049009E4728 /* SkyBox.cpp in Sources */ = {isa = PBXBuildFile; fileRef = 4B26F1CF1E890049009E4728 /* SkyBox.cpp */; };
		4B26F1E71E890049009E4728 /* SphereCollider.cpp in Sources */ = {isa = PBXBuildFile; fileRef = 4B26F1D31E890049009E4728 /* SphereCollider.cpp */; };
		4B5CF0D31E7B86D800623C6D /* main.cpp in Sources */ = {isa = PBXBuildFile; fileRef = 4B5CF0D21E7B86D800623C6D /* main.cpp */; };
		4B5CF0DB1E7B894000623C6D /* OpenGL.framework in Frameworks */ = {isa = PBXBuildFile; fileRef = 4B5CF0DA1E7B894000623C6D /* OpenGL.framework */; };
		4B728DA71E7D8AF2005F9142 /* stdafx.cpp in Sources */ = {isa = PBXBuildFile; fileRef = 4B728DA01E7D8AF2005F9142 /* stdafx.cpp */; };
		4B728DCC1E7D8B99005F9142 /* W_Buffer.cpp in Sources */ = {isa = PBXBuildFile; fileRef = 4B728DB31E7D8B99005F9142 /* W_Buffer.cpp */; };
		4B728DCD1E7D8B99005F9142 /* W_BufferManager.cpp in Sources */ = {isa = PBXBuildFile; fileRef = 4B728DB51E7D8B99005F9142 /* W_BufferManager.cpp */; };
		4B728DCE1E7D8B99005F9142 /* W_Common.cpp in Sources */ = {isa = PBXBuildFile; fileRef = 4B728DB71E7D8B99005F9142 /* W_Common.cpp */; };
		4B728DCF1E7D8B99005F9142 /* W_IndexBuffer.cpp in Sources */ = {isa = PBXBuildFile; fileRef = 4B728DB91E7D8B99005F9142 /* W_IndexBuffer.cpp */; };
		4B728DD01E7D8B99005F9142 /* W_Material.cpp in Sources */ = {isa = PBXBuildFile; fileRef = 4B728DBB1E7D8B99005F9142 /* W_Material.cpp */; };
		4B728DD11E7D8B99005F9142 /* W_MaterialManager.cpp in Sources */ = {isa = PBXBuildFile; fileRef = 4B728DBD1E7D8B99005F9142 /* W_MaterialManager.cpp */; };
		4B728DD21E7D8B99005F9142 /* W_Program.cpp in Sources */ = {isa = PBXBuildFile; fileRef = 4B728DBF1E7D8B99005F9142 /* W_Program.cpp */; };
		4B728DD31E7D8B99005F9142 /* W_ProgramManager.cpp in Sources */ = {isa = PBXBuildFile; fileRef = 4B728DC11E7D8B99005F9142 /* W_ProgramManager.cpp */; };
		4B728DD41E7D8B99005F9142 /* W_Texture.cpp in Sources */ = {isa = PBXBuildFile; fileRef = 4B728DC31E7D8B99005F9142 /* W_Texture.cpp */; };
		4B728DD51E7D8B99005F9142 /* W_TextureManager.cpp in Sources */ = {isa = PBXBuildFile; fileRef = 4B728DC51E7D8B99005F9142 /* W_TextureManager.cpp */; };
		4B728DD61E7D8B99005F9142 /* W_VertexBuffer.cpp in Sources */ = {isa = PBXBuildFile; fileRef = 4B728DC81E7D8B99005F9142 /* W_VertexBuffer.cpp */; };
		4B728DD71E7D8B99005F9142 /* W_VertexDeclaration.cpp in Sources */ = {isa = PBXBuildFile; fileRef = 4B728DCA1E7D8B99005F9142 /* W_VertexDeclaration.cpp */; };
		4BE928FC1E8AAFCF00C8055B /* CityModelExample.cpp in Sources */ = {isa = PBXBuildFile; fileRef = 4BE928FB1E8AAFCF00C8055B /* CityModelExample.cpp */; };
/* End PBXBuildFile section */

/* Begin PBXCopyFilesBuildPhase section */
		4B5CF0CD1E7B86D800623C6D /* CopyFiles */ = {
			isa = PBXCopyFilesBuildPhase;
			buildActionMask = 2147483647;
			dstPath = /usr/share/man/man1/;
			dstSubfolderSpec = 0;
			files = (
			);
			runOnlyForDeploymentPostprocessing = 1;
		};
/* End PBXCopyFilesBuildPhase section */

/* Begin PBXFileReference section */
		4B130C021E7B8A6000BA4F0B /* GraphicsPlayground-Mac.xcodeproj */ = {isa = PBXFileReference; lastKnownFileType = "wrapper.pb-project"; path = "GraphicsPlayground-Mac.xcodeproj"; sourceTree = "<group>"; };
		4B130C051E7B8E0700BA4F0B /* libglfw.3.2.dylib */ = {isa = PBXFileReference; lastKnownFileType = "compiled.mach-o.dylib"; name = libglfw.3.2.dylib; path = ../../../../../usr/local/Cellar/glfw/3.2.1/lib/libglfw.3.2.dylib; sourceTree = "<group>"; };
		4B130C0A1E7B9C5D00BA4F0B /* libfreeimage.3.17.0.dylib */ = {isa = PBXFileReference; lastKnownFileType = "compiled.mach-o.dylib"; name = libfreeimage.3.17.0.dylib; path = ../../../../../usr/local/Cellar/freeimage/3.17.0/lib/libfreeimage.3.17.0.dylib; sourceTree = "<group>"; };
		4B26F1761E88A783009E4728 /* BlendExample.cpp */ = {isa = PBXFileReference; fileEncoding = 4; lastKnownFileType = sourcecode.cpp.cpp; name = BlendExample.cpp; path = BlendExample/BlendExample.cpp; sourceTree = "<group>"; };
		4B26F1771E88A783009E4728 /* BlendExample.h */ = {isa = PBXFileReference; fileEncoding = 4; lastKnownFileType = sourcecode.c.h; name = BlendExample.h; path = BlendExample/BlendExample.h; sourceTree = "<group>"; };
		4B26F17A1E88A7BF009E4728 /* RotateCubeExample.cpp */ = {isa = PBXFileReference; fileEncoding = 4; lastKnownFileType = sourcecode.cpp.cpp; name = RotateCubeExample.cpp; path = RotateCube/RotateCubeExample.cpp; sourceTree = "<group>"; };
		4B26F17B1E88A7BF009E4728 /* RotateCubeExample.h */ = {isa = PBXFileReference; fileEncoding = 4; lastKnownFileType = sourcecode.c.h; name = RotateCubeExample.h; path = RotateCube/RotateCubeExample.h; sourceTree = "<group>"; };
		4B26F17E1E88A7EB009E4728 /* RotateTextureCubeExample.cpp */ = {isa = PBXFileReference; fileEncoding = 4; lastKnownFileType = sourcecode.cpp.cpp; name = RotateTextureCubeExample.cpp; path = RotateTextureCube/RotateTextureCubeExample.cpp; sourceTree = "<group>"; };
		4B26F17F1E88A7EB009E4728 /* RotateTextureCubeExample.h */ = {isa = PBXFileReference; fileEncoding = 4; lastKnownFileType = sourcecode.c.h; name = RotateTextureCubeExample.h; path = RotateTextureCube/RotateTextureCubeExample.h; sourceTree = "<group>"; };
		4B26F1821E88A868009E4728 /* InterpolationExample.cpp */ = {isa = PBXFileReference; fileEncoding = 4; lastKnownFileType = sourcecode.cpp.cpp; name = InterpolationExample.cpp; path = Interpolation/InterpolationExample.cpp; sourceTree = "<group>"; };
		4B26F1831E88A868009E4728 /* InterpolationExample.h */ = {isa = PBXFileReference; fileEncoding = 4; lastKnownFileType = sourcecode.c.h; name = InterpolationExample.h; path = Interpolation/InterpolationExample.h; sourceTree = "<group>"; };
		4B26F1AB1E88E441009E4728 /* Game.cpp */ = {isa = PBXFileReference; fileEncoding = 4; lastKnownFileType = sourcecode.cpp.cpp; name = Game.cpp; path = ../Game.cpp; sourceTree = "<group>"; };
		4B26F1AC1E88E441009E4728 /* Game.hpp */ = {isa = PBXFileReference; fileEncoding = 4; lastKnownFileType = sourcecode.cpp.h; name = Game.hpp; path = ../Game.hpp; sourceTree = "<group>"; };
		4B26F1AF1E88F80F009E4728 /* city_model.fsh */ = {isa = PBXFileReference; fileEncoding = 4; lastKnownFileType = sourcecode.glsl; name = city_model.fsh; path = shaders/city_model.fsh; sourceTree = "<group>"; };
		4B26F1B01E88F80F009E4728 /* city_model.vsh */ = {isa = PBXFileReference; fileEncoding = 4; lastKnownFileType = sourcecode.glsl; name = city_model.vsh; path = shaders/city_model.vsh; sourceTree = "<group>"; };
		4B26F1B21E890049009E4728 /* AABBCollider.cpp */ = {isa = PBXFileReference; fileEncoding = 4; lastKnownFileType = sourcecode.cpp.cpp; name = AABBCollider.cpp; path = CityModelExample/AABBCollider.cpp; sourceTree = "<group>"; };
		4B26F1B31E890049009E4728 /* AABBCollider.h */ = {isa = PBXFileReference; fileEncoding = 4; lastKnownFileType = sourcecode.c.h; name = AABBCollider.h; path = CityModelExample/AABBCollider.h; sourceTree = "<group>"; };
		4B26F1B41E890049009E4728 /* Camera.cpp */ = {isa = PBXFileReference; fileEncoding = 4; lastKnownFileType = sourcecode.cpp.cpp; name = Camera.cpp; path = CityModelExample/Camera.cpp; sourceTree = "<group>"; };
		4B26F1B51E890049009E4728 /* Camera.h */ = {isa = PBXFileReference; fileEncoding = 4; lastKnownFileType = sourcecode.c.h; name = Camera.h; path = CityModelExample/Camera.h; sourceTree = "<group>"; };
		4B26F1B61E890049009E4728 /* CityModeller.cpp */ = {isa = PBXFileReference; fileEncoding = 4; lastKnownFileType = sourcecode.cpp.cpp; name = CityModeller.cpp; path = CityModelExample/CityModeller.cpp; sourceTree = "<group>"; };
		4B26F1B71E890049009E4728 /* CityModeller.h */ = {isa = PBXFileReference; fileEncoding = 4; lastKnownFileType = sourcecode.c.h; name = CityModeller.h; path = CityModelExample/CityModeller.h; sourceTree = "<group>"; };
		4B26F1B81E890049009E4728 /* Collider.cpp */ = {isa = PBXFileReference; fileEncoding = 4; lastKnownFileType = sourcecode.cpp.cpp; name = Collider.cpp; path = CityModelExample/Collider.cpp; sourceTree = "<group>"; };
		4B26F1B91E890049009E4728 /* Collider.h */ = {isa = PBXFileReference; fileEncoding = 4; lastKnownFileType = sourcecode.c.h; name = Collider.h; path = CityModelExample/Collider.h; sourceTree = "<group>"; };
		4B26F1BA1E890049009E4728 /* collidetest.cpp */ = {isa = PBXFileReference; fileEncoding = 4; lastKnownFileType = sourcecode.cpp.cpp; name = collidetest.cpp; path = CityModelExample/collidetest.cpp; sourceTree = "<group>"; };
		4B26F1BB1E890049009E4728 /* CollisionDetector.cpp */ = {isa = PBXFileReference; fileEncoding = 4; lastKnownFileType = sourcecode.cpp.cpp; name = CollisionDetector.cpp; path = CityModelExample/CollisionDetector.cpp; sourceTree = "<group>"; };
		4B26F1BC1E890049009E4728 /* CollisionDetector.h */ = {isa = PBXFileReference; fileEncoding = 4; lastKnownFileType = sourcecode.c.h; name = CollisionDetector.h; path = CityModelExample/CollisionDetector.h; sourceTree = "<group>"; };
		4B26F1BD1E890049009E4728 /* CollisionHelper.h */ = {isa = PBXFileReference; fileEncoding = 4; lastKnownFileType = sourcecode.c.h; name = CollisionHelper.h; path = CityModelExample/CollisionHelper.h; sourceTree = "<group>"; };
		4B26F1BE1E890049009E4728 /* CollisionPackage.h */ = {isa = PBXFileReference; fileEncoding = 4; lastKnownFileType = sourcecode.c.h; name = CollisionPackage.h; path = CityModelExample/CollisionPackage.h; sourceTree = "<group>"; };
		4B26F1BF1E890049009E4728 /* Cube.h */ = {isa = PBXFileReference; fileEncoding = 4; lastKnownFileType = sourcecode.c.h; name = Cube.h; path = CityModelExample/Cube.h; sourceTree = "<group>"; };
		4B26F1C01E890049009E4728 /* CubemapTexture.cpp */ = {isa = PBXFileReference; fileEncoding = 4; lastKnownFileType = sourcecode.cpp.cpp; name = CubemapTexture.cpp; path = CityModelExample/CubemapTexture.cpp; sourceTree = "<group>"; };
		4B26F1C11E890049009E4728 /* CubemapTexture.h */ = {isa = PBXFileReference; fileEncoding = 4; lastKnownFileType = sourcecode.c.h; name = CubemapTexture.h; path = CityModelExample/CubemapTexture.h; sourceTree = "<group>"; };
		4B26F1C21E890049009E4728 /* DirectionalLight.h */ = {isa = PBXFileReference; fileEncoding = 4; lastKnownFileType = sourcecode.c.h; name = DirectionalLight.h; path = CityModelExample/DirectionalLight.h; sourceTree = "<group>"; };
		4B26F1C31E890049009E4728 /* DirectionalLightcpp.cpp */ = {isa = PBXFileReference; fileEncoding = 4; lastKnownFileType = sourcecode.cpp.cpp; name = DirectionalLightcpp.cpp; path = CityModelExample/DirectionalLightcpp.cpp; sourceTree = "<group>"; };
		4B26F1C41E890049009E4728 /* FormatTranslator.cpp */ = {isa = PBXFileReference; fileEncoding = 4; lastKnownFileType = sourcecode.cpp.cpp; name = FormatTranslator.cpp; path = CityModelExample/FormatTranslator.cpp; sourceTree = "<group>"; };
		4B26F1C51E890049009E4728 /* FormatTranslator.h */ = {isa = PBXFileReference; fileEncoding = 4; lastKnownFileType = sourcecode.c.h; name = FormatTranslator.h; path = CityModelExample/FormatTranslator.h; sourceTree = "<group>"; };
		4B26F1C61E890049009E4728 /* Frustum.cpp */ = {isa = PBXFileReference; fileEncoding = 4; lastKnownFileType = sourcecode.cpp.cpp; name = Frustum.cpp; path = CityModelExample/Frustum.cpp; sourceTree = "<group>"; };
		4B26F1C71E890049009E4728 /* Frustum.h */ = {isa = PBXFileReference; fileEncoding = 4; lastKnownFileType = sourcecode.c.h; name = Frustum.h; path = CityModelExample/Frustum.h; sourceTree = "<group>"; };
		4B26F1C81E890049009E4728 /* Helper.h */ = {isa = PBXFileReference; fileEncoding = 4; lastKnownFileType = sourcecode.c.h; name = Helper.h; path = CityModelExample/Helper.h; sourceTree = "<group>"; };
		4B26F1C91E890049009E4728 /* Light.h */ = {isa = PBXFileReference; fileEncoding = 4; lastKnownFileType = sourcecode.c.h; name = Light.h; path = CityModelExample/Light.h; sourceTree = "<group>"; };
		4B26F1CA1E890049009E4728 /* Node.cpp */ = {isa = PBXFileReference; fileEncoding = 4; lastKnownFileType = sourcecode.cpp.cpp; name = Node.cpp; path = CityModelExample/Node.cpp; sourceTree = "<group>"; };
		4B26F1CB1E890049009E4728 /* Node.h */ = {isa = PBXFileReference; fileEncoding = 4; lastKnownFileType = sourcecode.c.h; name = Node.h; path = CityModelExample/Node.h; sourceTree = "<group>"; };
		4B26F1CC1E890049009E4728 /* Plane.h */ = {isa = PBXFileReference; fileEncoding = 4; lastKnownFileType = sourcecode.c.h; name = Plane.h; path = CityModelExample/Plane.h; sourceTree = "<group>"; };
		4B26F1CD1E890049009E4728 /* Ray.cpp */ = {isa = PBXFileReference; fileEncoding = 4; lastKnownFileType = sourcecode.cpp.cpp; name = Ray.cpp; path = CityModelExample/Ray.cpp; sourceTree = "<group>"; };
		4B26F1CE1E890049009E4728 /* Ray.h */ = {isa = PBXFileReference; fileEncoding = 4; lastKnownFileType = sourcecode.c.h; name = Ray.h; path = CityModelExample/Ray.h; sourceTree = "<group>"; };
		4B26F1CF1E890049009E4728 /* SkyBox.cpp */ = {isa = PBXFileReference; fileEncoding = 4; lastKnownFileType = sourcecode.cpp.cpp; name = SkyBox.cpp; path = CityModelExample/SkyBox.cpp; sourceTree = "<group>"; };
		4B26F1D01E890049009E4728 /* SkyBox.h */ = {isa = PBXFileReference; fileEncoding = 4; lastKnownFileType = sourcecode.c.h; name = SkyBox.h; path = CityModelExample/SkyBox.h; sourceTree = "<group>"; };
		4B26F1D31E890049009E4728 /* SphereCollider.cpp */ = {isa = PBXFileReference; fileEncoding = 4; lastKnownFileType = sourcecode.cpp.cpp; name = SphereCollider.cpp; path = CityModelExample/SphereCollider.cpp; sourceTree = "<group>"; };
		4B26F1D41E890049009E4728 /* SphereCollider.h */ = {isa = PBXFileReference; fileEncoding = 4; lastKnownFileType = sourcecode.c.h; name = SphereCollider.h; path = CityModelExample/SphereCollider.h; sourceTree = "<group>"; };
		4B26F1D71E890049009E4728 /* SurfaceMaterial.h */ = {isa = PBXFileReference; fileEncoding = 4; lastKnownFileType = sourcecode.c.h; name = SurfaceMaterial.h; path = CityModelExample/SurfaceMaterial.h; sourceTree = "<group>"; };
		4B26F1D81E890049009E4728 /* Triangle.h */ = {isa = PBXFileReference; fileEncoding = 4; lastKnownFileType = sourcecode.c.h; name = Triangle.h; path = CityModelExample/Triangle.h; sourceTree = "<group>"; };
		4B362D6D1E8A3FEA00B49268 /* KeyboardInputHandler.hpp */ = {isa = PBXFileReference; fileEncoding = 4; lastKnownFileType = sourcecode.cpp.h; path = KeyboardInputHandler.hpp; sourceTree = "<group>"; };
		4B362D6E1E8A3FEA00B49268 /* MouseInputHandler.hpp */ = {isa = PBXFileReference; fileEncoding = 4; lastKnownFileType = sourcecode.cpp.h; path = MouseInputHandler.hpp; sourceTree = "<group>"; };
		4B362D6F1E8A409F00B49268 /* struct.h */ = {isa = PBXFileReference; fileEncoding = 4; lastKnownFileType = sourcecode.c.h; name = struct.h; path = CityModelExample/struct.h; sourceTree = "<group>"; };
		4B5CF0CF1E7B86D800623C6D /* GraphicsPlayground-Mac */ = {isa = PBXFileReference; explicitFileType = "compiled.mach-o.executable"; includeInIndex = 0; path = "GraphicsPlayground-Mac"; sourceTree = BUILT_PRODUCTS_DIR; };
		4B5CF0D21E7B86D800623C6D /* main.cpp */ = {isa = PBXFileReference; lastKnownFileType = sourcecode.cpp.cpp; path = main.cpp; sourceTree = "<group>"; };
		4B5CF0DA1E7B894000623C6D /* OpenGL.framework */ = {isa = PBXFileReference; lastKnownFileType = wrapper.framework; name = OpenGL.framework; path = System/Library/Frameworks/OpenGL.framework; sourceTree = SDKROOT; };
		4B5CF0DC1E7B89A100623C6D /* libGLEW.2.0.0.dylib */ = {isa = PBXFileReference; lastKnownFileType = "compiled.mach-o.dylib"; name = libGLEW.2.0.0.dylib; path = ../../../../../usr/local/lib/libGLEW.2.0.0.dylib; sourceTree = "<group>"; };
		4B67D7191E8863FB00E4C321 /* ExampleBase.hpp */ = {isa = PBXFileReference; fileEncoding = 4; lastKnownFileType = sourcecode.cpp.h; path = ExampleBase.hpp; sourceTree = "<group>"; };
		4B728D9B1E7D8AF2005F9142 /* ReadMe.txt */ = {isa = PBXFileReference; fileEncoding = 4; lastKnownFileType = text; path = ReadMe.txt; sourceTree = "<group>"; };
		4B728DA01E7D8AF2005F9142 /* stdafx.cpp */ = {isa = PBXFileReference; fileEncoding = 4; lastKnownFileType = sourcecode.cpp.cpp; path = stdafx.cpp; sourceTree = "<group>"; };
		4B728DA11E7D8AF2005F9142 /* stdafx.h */ = {isa = PBXFileReference; fileEncoding = 4; lastKnownFileType = sourcecode.c.h; path = stdafx.h; sourceTree = "<group>"; };
		4B728DAA1E7D8B66005F9142 /* Blend.fsh */ = {isa = PBXFileReference; fileEncoding = 4; lastKnownFileType = sourcecode.glsl; name = Blend.fsh; path = shaders/Blend.fsh; sourceTree = "<group>"; };
		4B728DAB1E7D8B66005F9142 /* Blend.vsh */ = {isa = PBXFileReference; fileEncoding = 4; lastKnownFileType = sourcecode.glsl; name = Blend.vsh; path = shaders/Blend.vsh; sourceTree = "<group>"; };
		4B728DAC1E7D8B66005F9142 /* interpolation.fsh */ = {isa = PBXFileReference; fileEncoding = 4; lastKnownFileType = sourcecode.glsl; name = interpolation.fsh; path = shaders/interpolation.fsh; sourceTree = "<group>"; };
		4B728DAD1E7D8B66005F9142 /* interpolation.vsh */ = {isa = PBXFileReference; fileEncoding = 4; lastKnownFileType = sourcecode.glsl; name = interpolation.vsh; path = shaders/interpolation.vsh; sourceTree = "<group>"; };
		4B728DAE1E7D8B66005F9142 /* RotateCube.fsh */ = {isa = PBXFileReference; fileEncoding = 4; lastKnownFileType = sourcecode.glsl; name = RotateCube.fsh; path = shaders/RotateCube.fsh; sourceTree = "<group>"; };
		4B728DAF1E7D8B66005F9142 /* RotateCube.vsh */ = {isa = PBXFileReference; fileEncoding = 4; lastKnownFileType = sourcecode.glsl; name = RotateCube.vsh; path = shaders/RotateCube.vsh; sourceTree = "<group>"; };
		4B728DB01E7D8B66005F9142 /* RotateTextureCube.fsh */ = {isa = PBXFileReference; fileEncoding = 4; lastKnownFileType = sourcecode.glsl; name = RotateTextureCube.fsh; path = shaders/RotateTextureCube.fsh; sourceTree = "<group>"; };
		4B728DB11E7D8B66005F9142 /* RotateTextureCube.vsh */ = {isa = PBXFileReference; fileEncoding = 4; lastKnownFileType = sourcecode.glsl; name = RotateTextureCube.vsh; path = shaders/RotateTextureCube.vsh; sourceTree = "<group>"; };
		4B728DB31E7D8B99005F9142 /* W_Buffer.cpp */ = {isa = PBXFileReference; fileEncoding = 4; lastKnownFileType = sourcecode.cpp.cpp; name = W_Buffer.cpp; path = wolf/W_Buffer.cpp; sourceTree = "<group>"; };
		4B728DB41E7D8B99005F9142 /* W_Buffer.h */ = {isa = PBXFileReference; fileEncoding = 4; lastKnownFileType = sourcecode.c.h; name = W_Buffer.h; path = wolf/W_Buffer.h; sourceTree = "<group>"; };
		4B728DB51E7D8B99005F9142 /* W_BufferManager.cpp */ = {isa = PBXFileReference; fileEncoding = 4; lastKnownFileType = sourcecode.cpp.cpp; name = W_BufferManager.cpp; path = wolf/W_BufferManager.cpp; sourceTree = "<group>"; };
		4B728DB61E7D8B99005F9142 /* W_BufferManager.h */ = {isa = PBXFileReference; fileEncoding = 4; lastKnownFileType = sourcecode.c.h; name = W_BufferManager.h; path = wolf/W_BufferManager.h; sourceTree = "<group>"; };
		4B728DB71E7D8B99005F9142 /* W_Common.cpp */ = {isa = PBXFileReference; fileEncoding = 4; lastKnownFileType = sourcecode.cpp.cpp; name = W_Common.cpp; path = wolf/W_Common.cpp; sourceTree = "<group>"; };
		4B728DB81E7D8B99005F9142 /* W_Common.h */ = {isa = PBXFileReference; fileEncoding = 4; lastKnownFileType = sourcecode.c.h; name = W_Common.h; path = wolf/W_Common.h; sourceTree = "<group>"; };
		4B728DB91E7D8B99005F9142 /* W_IndexBuffer.cpp */ = {isa = PBXFileReference; fileEncoding = 4; lastKnownFileType = sourcecode.cpp.cpp; name = W_IndexBuffer.cpp; path = wolf/W_IndexBuffer.cpp; sourceTree = "<group>"; };
		4B728DBA1E7D8B99005F9142 /* W_IndexBuffer.h */ = {isa = PBXFileReference; fileEncoding = 4; lastKnownFileType = sourcecode.c.h; name = W_IndexBuffer.h; path = wolf/W_IndexBuffer.h; sourceTree = "<group>"; };
		4B728DBB1E7D8B99005F9142 /* W_Material.cpp */ = {isa = PBXFileReference; fileEncoding = 4; lastKnownFileType = sourcecode.cpp.cpp; name = W_Material.cpp; path = wolf/W_Material.cpp; sourceTree = "<group>"; };
		4B728DBC1E7D8B99005F9142 /* W_Material.h */ = {isa = PBXFileReference; fileEncoding = 4; lastKnownFileType = sourcecode.c.h; name = W_Material.h; path = wolf/W_Material.h; sourceTree = "<group>"; };
		4B728DBD1E7D8B99005F9142 /* W_MaterialManager.cpp */ = {isa = PBXFileReference; fileEncoding = 4; lastKnownFileType = sourcecode.cpp.cpp; name = W_MaterialManager.cpp; path = wolf/W_MaterialManager.cpp; sourceTree = "<group>"; };
		4B728DBE1E7D8B99005F9142 /* W_MaterialManager.h */ = {isa = PBXFileReference; fileEncoding = 4; lastKnownFileType = sourcecode.c.h; name = W_MaterialManager.h; path = wolf/W_MaterialManager.h; sourceTree = "<group>"; };
		4B728DBF1E7D8B99005F9142 /* W_Program.cpp */ = {isa = PBXFileReference; fileEncoding = 4; lastKnownFileType = sourcecode.cpp.cpp; name = W_Program.cpp; path = wolf/W_Program.cpp; sourceTree = "<group>"; };
		4B728DC01E7D8B99005F9142 /* W_Program.h */ = {isa = PBXFileReference; fileEncoding = 4; lastKnownFileType = sourcecode.c.h; name = W_Program.h; path = wolf/W_Program.h; sourceTree = "<group>"; };
		4B728DC11E7D8B99005F9142 /* W_ProgramManager.cpp */ = {isa = PBXFileReference; fileEncoding = 4; lastKnownFileType = sourcecode.cpp.cpp; name = W_ProgramManager.cpp; path = wolf/W_ProgramManager.cpp; sourceTree = "<group>"; };
		4B728DC21E7D8B99005F9142 /* W_ProgramManager.h */ = {isa = PBXFileReference; fileEncoding = 4; lastKnownFileType = sourcecode.c.h; name = W_ProgramManager.h; path = wolf/W_ProgramManager.h; sourceTree = "<group>"; };
		4B728DC31E7D8B99005F9142 /* W_Texture.cpp */ = {isa = PBXFileReference; fileEncoding = 4; lastKnownFileType = sourcecode.cpp.cpp; name = W_Texture.cpp; path = wolf/W_Texture.cpp; sourceTree = "<group>"; };
		4B728DC41E7D8B99005F9142 /* W_Texture.h */ = {isa = PBXFileReference; fileEncoding = 4; lastKnownFileType = sourcecode.c.h; name = W_Texture.h; path = wolf/W_Texture.h; sourceTree = "<group>"; };
		4B728DC51E7D8B99005F9142 /* W_TextureManager.cpp */ = {isa = PBXFileReference; fileEncoding = 4; lastKnownFileType = sourcecode.cpp.cpp; name = W_TextureManager.cpp; path = wolf/W_TextureManager.cpp; sourceTree = "<group>"; };
		4B728DC61E7D8B99005F9142 /* W_TextureManager.h */ = {isa = PBXFileReference; fileEncoding = 4; lastKnownFileType = sourcecode.c.h; name = W_TextureManager.h; path = wolf/W_TextureManager.h; sourceTree = "<group>"; };
		4B728DC71E7D8B99005F9142 /* W_Types.h */ = {isa = PBXFileReference; fileEncoding = 4; lastKnownFileType = sourcecode.c.h; name = W_Types.h; path = wolf/W_Types.h; sourceTree = "<group>"; };
		4B728DC81E7D8B99005F9142 /* W_VertexBuffer.cpp */ = {isa = PBXFileReference; fileEncoding = 4; lastKnownFileType = sourcecode.cpp.cpp; name = W_VertexBuffer.cpp; path = wolf/W_VertexBuffer.cpp; sourceTree = "<group>"; };
		4B728DC91E7D8B99005F9142 /* W_VertexBuffer.h */ = {isa = PBXFileReference; fileEncoding = 4; lastKnownFileType = sourcecode.c.h; name = W_VertexBuffer.h; path = wolf/W_VertexBuffer.h; sourceTree = "<group>"; };
		4B728DCA1E7D8B99005F9142 /* W_VertexDeclaration.cpp */ = {isa = PBXFileReference; fileEncoding = 4; lastKnownFileType = sourcecode.cpp.cpp; name = W_VertexDeclaration.cpp; path = wolf/W_VertexDeclaration.cpp; sourceTree = "<group>"; };
		4B728DCB1E7D8B99005F9142 /* W_VertexDeclaration.h */ = {isa = PBXFileReference; fileEncoding = 4; lastKnownFileType = sourcecode.c.h; name = W_VertexDeclaration.h; path = wolf/W_VertexDeclaration.h; sourceTree = "<group>"; };
		4BCBA72A1EA867B70073E262 /* skybox.fsh */ = {isa = PBXFileReference; lastKnownFileType = sourcecode.glsl; name = skybox.fsh; path = shaders/skybox.fsh; sourceTree = "<group>"; };
		4BCBA72B1EA867B70073E262 /* skybox.vsh */ = {isa = PBXFileReference; lastKnownFileType = sourcecode.glsl; name = skybox.vsh; path = shaders/skybox.vsh; sourceTree = "<group>"; };
		4BE928FB1E8AAFCF00C8055B /* CityModelExample.cpp */ = {isa = PBXFileReference; fileEncoding = 4; lastKnownFileType = sourcecode.cpp.cpp; name = CityModelExample.cpp; path = CityModelExample/CityModelExample.cpp; sourceTree = "<group>"; };
		4BE928FF1E8B594000C8055B /* CityModelExample.h */ = {isa = PBXFileReference; fileEncoding = 4; lastKnownFileType = sourcecode.c.h; name = CityModelExample.h; path = CityModelExample/CityModelExample.h; sourceTree = "<group>"; };
/* End PBXFileReference section */

/* Begin PBXFrameworksBuildPhase section */
		4B5CF0CC1E7B86D800623C6D /* Frameworks */ = {
			isa = PBXFrameworksBuildPhase;
			buildActionMask = 2147483647;
			files = (
				4B130C0B1E7B9C5D00BA4F0B /* libfreeimage.3.17.0.dylib in Frameworks */,
				4B130C091E7B916E00BA4F0B /* libglfw.3.2.dylib in Frameworks */,
				4B130C081E7B915B00BA4F0B /* libGLEW.2.0.0.dylib in Frameworks */,
				4B5CF0DB1E7B894000623C6D /* OpenGL.framework in Frameworks */,
			);
			runOnlyForDeploymentPostprocessing = 0;
		};
/* End PBXFrameworksBuildPhase section */

/* Begin PBXGroup section */
		4B130C031E7B8A6000BA4F0B /* Products */ = {
			isa = PBXGroup;
			name = Products;
			sourceTree = "<group>";
		};
		4B26F1811E88A85A009E4728 /* Interpolation */ = {
			isa = PBXGroup;
			children = (
				4B26F1821E88A868009E4728 /* InterpolationExample.cpp */,
				4B26F1831E88A868009E4728 /* InterpolationExample.h */,
			);
			name = Interpolation;
			sourceTree = "<group>";
		};
		4B26F1B11E89001E009E4728 /* CityModelExample */ = {
			isa = PBXGroup;
			children = (
				4BE928FF1E8B594000C8055B /* CityModelExample.h */,
				4BE928FB1E8AAFCF00C8055B /* CityModelExample.cpp */,
				4B362D6F1E8A409F00B49268 /* struct.h */,
				4B26F1B21E890049009E4728 /* AABBCollider.cpp */,
				4B26F1B31E890049009E4728 /* AABBCollider.h */,
				4B26F1B41E890049009E4728 /* Camera.cpp */,
				4B26F1B51E890049009E4728 /* Camera.h */,
				4B26F1B61E890049009E4728 /* CityModeller.cpp */,
				4B26F1B71E890049009E4728 /* CityModeller.h */,
				4B26F1B81E890049009E4728 /* Collider.cpp */,
				4B26F1B91E890049009E4728 /* Collider.h */,
				4B26F1BA1E890049009E4728 /* collidetest.cpp */,
				4B26F1BB1E890049009E4728 /* CollisionDetector.cpp */,
				4B26F1BC1E890049009E4728 /* CollisionDetector.h */,
				4B26F1BD1E890049009E4728 /* CollisionHelper.h */,
				4B26F1BE1E890049009E4728 /* CollisionPackage.h */,
				4B26F1BF1E890049009E4728 /* Cube.h */,
				4B26F1C01E890049009E4728 /* CubemapTexture.cpp */,
				4B26F1C11E890049009E4728 /* CubemapTexture.h */,
				4B26F1C21E890049009E4728 /* DirectionalLight.h */,
				4B26F1C31E890049009E4728 /* DirectionalLightcpp.cpp */,
				4B26F1C41E890049009E4728 /* FormatTranslator.cpp */,
				4B26F1C51E890049009E4728 /* FormatTranslator.h */,
				4B26F1C61E890049009E4728 /* Frustum.cpp */,
				4B26F1C71E890049009E4728 /* Frustum.h */,
				4B26F1C81E890049009E4728 /* Helper.h */,
				4B26F1C91E890049009E4728 /* Light.h */,
				4B26F1CA1E890049009E4728 /* Node.cpp */,
				4B26F1CB1E890049009E4728 /* Node.h */,
				4B26F1CC1E890049009E4728 /* Plane.h */,
				4B26F1CD1E890049009E4728 /* Ray.cpp */,
				4B26F1CE1E890049009E4728 /* Ray.h */,
				4B26F1CF1E890049009E4728 /* SkyBox.cpp */,
				4B26F1D01E890049009E4728 /* SkyBox.h */,
				4B26F1D31E890049009E4728 /* SphereCollider.cpp */,
				4B26F1D41E890049009E4728 /* SphereCollider.h */,
				4B26F1D71E890049009E4728 /* SurfaceMaterial.h */,
				4B26F1D81E890049009E4728 /* Triangle.h */,
			);
			name = CityModelExample;
			sourceTree = "<group>";
		};
		4B362D6C1E8A3FD300B49268 /* Interfaces */ = {
			isa = PBXGroup;
			children = (
				4B362D6D1E8A3FEA00B49268 /* KeyboardInputHandler.hpp */,
				4B362D6E1E8A3FEA00B49268 /* MouseInputHandler.hpp */,
			);
			name = Interfaces;
			sourceTree = "<group>";
		};
		4B5CF0C61E7B86D800623C6D = {
			isa = PBXGroup;
			children = (
				4B728DB21E7D8B7A005F9142 /* wolf */,
				4B728DA81E7D8AFF005F9142 /* Shader */,
				4B5CF0D11E7B86D800623C6D /* GraphicsPlayground-Mac */,
				4B5CF0D01E7B86D800623C6D /* Products */,
				4B5CF0D91E7B894000623C6D /* Frameworks */,
			);
			sourceTree = "<group>";
		};
		4B5CF0D01E7B86D800623C6D /* Products */ = {
			isa = PBXGroup;
			children = (
				4B5CF0CF1E7B86D800623C6D /* GraphicsPlayground-Mac */,
			);
			name = Products;
			sourceTree = "<group>";
		};
		4B5CF0D11E7B86D800623C6D /* GraphicsPlayground-Mac */ = {
			isa = PBXGroup;
			children = (
				4B362D6C1E8A3FD300B49268 /* Interfaces */,
				4B26F1811E88A85A009E4728 /* Interpolation */,
				4B67D7171E88633500E4C321 /* RotateTextureCubeExample */,
				4B67D7161E88631F00E4C321 /* RotateCubeExample */,
				4B67D7131E8862E000E4C321 /* BlendExample */,
				4B26F1B11E89001E009E4728 /* CityModelExample */,
				4B26F1AB1E88E441009E4728 /* Game.cpp */,
				4B26F1AC1E88E441009E4728 /* Game.hpp */,
				4B728DA01E7D8AF2005F9142 /* stdafx.cpp */,
				4B728DA11E7D8AF2005F9142 /* stdafx.h */,
				4B5CF0D21E7B86D800623C6D /* main.cpp */,
				4B67D7191E8863FB00E4C321 /* ExampleBase.hpp */,
				4B728D9B1E7D8AF2005F9142 /* ReadMe.txt */,
			);
			path = "GraphicsPlayground-Mac";
			sourceTree = "<group>";
		};
		4B5CF0D91E7B894000623C6D /* Frameworks */ = {
			isa = PBXGroup;
			children = (
				4B130C0A1E7B9C5D00BA4F0B /* libfreeimage.3.17.0.dylib */,
				4B130C051E7B8E0700BA4F0B /* libglfw.3.2.dylib */,
				4B130C021E7B8A6000BA4F0B /* GraphicsPlayground-Mac.xcodeproj */,
				4B5CF0DC1E7B89A100623C6D /* libGLEW.2.0.0.dylib */,
				4B5CF0DA1E7B894000623C6D /* OpenGL.framework */,
			);
			name = Frameworks;
			sourceTree = "<group>";
		};
		4B67D7131E8862E000E4C321 /* BlendExample */ = {
			isa = PBXGroup;
			children = (
				4B26F1761E88A783009E4728 /* BlendExample.cpp */,
				4B26F1771E88A783009E4728 /* BlendExample.h */,
			);
			name = BlendExample;
			sourceTree = "<group>";
		};
		4B67D7161E88631F00E4C321 /* RotateCubeExample */ = {
			isa = PBXGroup;
			children = (
				4B26F17A1E88A7BF009E4728 /* RotateCubeExample.cpp */,
				4B26F17B1E88A7BF009E4728 /* RotateCubeExample.h */,
			);
			name = RotateCubeExample;
			sourceTree = "<group>";
		};
		4B67D7171E88633500E4C321 /* RotateTextureCubeExample */ = {
			isa = PBXGroup;
			children = (
				4B26F17E1E88A7EB009E4728 /* RotateTextureCubeExample.cpp */,
				4B26F17F1E88A7EB009E4728 /* RotateTextureCubeExample.h */,
			);
			name = RotateTextureCubeExample;
			sourceTree = "<group>";
		};
		4B728DA81E7D8AFF005F9142 /* Shader */ = {
			isa = PBXGroup;
			children = (
				4BCBA72A1EA867B70073E262 /* skybox.fsh */,
				4BCBA72B1EA867B70073E262 /* skybox.vsh */,
				4B26F1AF1E88F80F009E4728 /* city_model.fsh */,
				4B26F1B01E88F80F009E4728 /* city_model.vsh */,
				4B728DAA1E7D8B66005F9142 /* Blend.fsh */,
				4B728DAB1E7D8B66005F9142 /* Blend.vsh */,
				4B728DAC1E7D8B66005F9142 /* interpolation.fsh */,
				4B728DAD1E7D8B66005F9142 /* interpolation.vsh */,
				4B728DAE1E7D8B66005F9142 /* RotateCube.fsh */,
				4B728DAF1E7D8B66005F9142 /* RotateCube.vsh */,
				4B728DB01E7D8B66005F9142 /* RotateTextureCube.fsh */,
				4B728DB11E7D8B66005F9142 /* RotateTextureCube.vsh */,
			);
			name = Shader;
			sourceTree = "<group>";
		};
		4B728DB21E7D8B7A005F9142 /* wolf */ = {
			isa = PBXGroup;
			children = (
				4B728DB31E7D8B99005F9142 /* W_Buffer.cpp */,
				4B728DB41E7D8B99005F9142 /* W_Buffer.h */,
				4B728DB51E7D8B99005F9142 /* W_BufferManager.cpp */,
				4B728DB61E7D8B99005F9142 /* W_BufferManager.h */,
				4B728DB71E7D8B99005F9142 /* W_Common.cpp */,
				4B728DB81E7D8B99005F9142 /* W_Common.h */,
				4B728DB91E7D8B99005F9142 /* W_IndexBuffer.cpp */,
				4B728DBA1E7D8B99005F9142 /* W_IndexBuffer.h */,
				4B728DBB1E7D8B99005F9142 /* W_Material.cpp */,
				4B728DBC1E7D8B99005F9142 /* W_Material.h */,
				4B728DBD1E7D8B99005F9142 /* W_MaterialManager.cpp */,
				4B728DBE1E7D8B99005F9142 /* W_MaterialManager.h */,
				4B728DBF1E7D8B99005F9142 /* W_Program.cpp */,
				4B728DC01E7D8B99005F9142 /* W_Program.h */,
				4B728DC11E7D8B99005F9142 /* W_ProgramManager.cpp */,
				4B728DC21E7D8B99005F9142 /* W_ProgramManager.h */,
				4B728DC31E7D8B99005F9142 /* W_Texture.cpp */,
				4B728DC41E7D8B99005F9142 /* W_Texture.h */,
				4B728DC51E7D8B99005F9142 /* W_TextureManager.cpp */,
				4B728DC61E7D8B99005F9142 /* W_TextureManager.h */,
				4B728DC71E7D8B99005F9142 /* W_Types.h */,
				4B728DC81E7D8B99005F9142 /* W_VertexBuffer.cpp */,
				4B728DC91E7D8B99005F9142 /* W_VertexBuffer.h */,
				4B728DCA1E7D8B99005F9142 /* W_VertexDeclaration.cpp */,
				4B728DCB1E7D8B99005F9142 /* W_VertexDeclaration.h */,
			);
			name = wolf;
			sourceTree = "<group>";
		};
/* End PBXGroup section */

/* Begin PBXNativeTarget section */
		4B5CF0CE1E7B86D800623C6D /* GraphicsPlayground-Mac */ = {
			isa = PBXNativeTarget;
			buildConfigurationList = 4B5CF0D61E7B86D800623C6D /* Build configuration list for PBXNativeTarget "GraphicsPlayground-Mac" */;
			buildPhases = (
				4B5CF0CB1E7B86D800623C6D /* Sources */,
				4B5CF0CC1E7B86D800623C6D /* Frameworks */,
				4B5CF0CD1E7B86D800623C6D /* CopyFiles */,
			);
			buildRules = (
			);
			dependencies = (
			);
			name = "GraphicsPlayground-Mac";
			productName = "GraphicsPlayground-Mac";
			productReference = 4B5CF0CF1E7B86D800623C6D /* GraphicsPlayground-Mac */;
			productType = "com.apple.product-type.tool";
		};
/* End PBXNativeTarget section */

/* Begin PBXProject section */
		4B5CF0C71E7B86D800623C6D /* Project object */ = {
			isa = PBXProject;
			attributes = {
				LastUpgradeCheck = 0820;
				ORGANIZATIONNAME = "Kent Li";
				TargetAttributes = {
					4B5CF0CE1E7B86D800623C6D = {
						CreatedOnToolsVersion = 8.2.1;
						ProvisioningStyle = Automatic;
					};
				};
			};
			buildConfigurationList = 4B5CF0CA1E7B86D800623C6D /* Build configuration list for PBXProject "GraphicsPlayground-Mac" */;
			compatibilityVersion = "Xcode 3.2";
			developmentRegion = English;
			hasScannedForEncodings = 0;
			knownRegions = (
				en,
			);
			mainGroup = 4B5CF0C61E7B86D800623C6D;
			productRefGroup = 4B5CF0D01E7B86D800623C6D /* Products */;
			projectDirPath = "";
			projectReferences = (
				{
					ProductGroup = 4B130C031E7B8A6000BA4F0B /* Products */;
					ProjectRef = 4B130C021E7B8A6000BA4F0B /* GraphicsPlayground-Mac.xcodeproj */;
				},
			);
			projectRoot = "";
			targets = (
				4B5CF0CE1E7B86D800623C6D /* GraphicsPlayground-Mac */,
			);
		};
/* End PBXProject section */

/* Begin PBXSourcesBuildPhase section */
		4B5CF0CB1E7B86D800623C6D /* Sources */ = {
			isa = PBXSourcesBuildPhase;
			buildActionMask = 2147483647;
			files = (
				4B26F1AD1E88E441009E4728 /* Game.cpp in Sources */,
				4B728DD31E7D8B99005F9142 /* W_ProgramManager.cpp in Sources */,
				4B728DD51E7D8B99005F9142 /* W_TextureManager.cpp in Sources */,
				4B26F1E41E890049009E4728 /* Ray.cpp in Sources */,
				4B728DCE1E7D8B99005F9142 /* W_Common.cpp in Sources */,
				4B728DCD1E7D8B99005F9142 /* W_BufferManager.cpp in Sources */,
				4B26F1DC1E890049009E4728 /* Collider.cpp in Sources */,
				4BE928FC1E8AAFCF00C8055B /* CityModelExample.cpp in Sources */,
				4B26F1801E88A7EB009E4728 /* RotateTextureCubeExample.cpp in Sources */,
				4B728DD41E7D8B99005F9142 /* W_Texture.cpp in Sources */,
				4B26F1DB1E890049009E4728 /* CityModeller.cpp in Sources */,
				4B26F1DD1E890049009E4728 /* collidetest.cpp in Sources */,
				4B26F1DE1E890049009E4728 /* CollisionDetector.cpp in Sources */,
				4B26F1E01E890049009E4728 /* DirectionalLightcpp.cpp in Sources */,
				4B26F1E21E890049009E4728 /* Frustum.cpp in Sources */,
				4B26F1D91E890049009E4728 /* AABBCollider.cpp in Sources */,
				4B26F1E71E890049009E4728 /* SphereCollider.cpp in Sources */,
				4B26F1E11E890049009E4728 /* FormatTranslator.cpp in Sources */,
				4B728DD01E7D8B99005F9142 /* W_Material.cpp in Sources */,
				4B728DD11E7D8B99005F9142 /* W_MaterialManager.cpp in Sources */,
				4B26F17C1E88A7BF009E4728 /* RotateCubeExample.cpp in Sources */,
				4B26F1841E88A868009E4728 /* InterpolationExample.cpp in Sources */,
				4B728DD21E7D8B99005F9142 /* W_Program.cpp in Sources */,
				4B728DD71E7D8B99005F9142 /* W_VertexDeclaration.cpp in Sources */,
				4B26F1DA1E890049009E4728 /* Camera.cpp in Sources */,
				4B5CF0D31E7B86D800623C6D /* main.cpp in Sources */,
				4B26F1E51E890049009E4728 /* SkyBox.cpp in Sources */,
				4B26F1781E88A783009E4728 /* BlendExample.cpp in Sources */,
				4B26F1DF1E890049009E4728 /* CubemapTexture.cpp in Sources */,
				4B728DCC1E7D8B99005F9142 /* W_Buffer.cpp in Sources */,
				4B728DA71E7D8AF2005F9142 /* stdafx.cpp in Sources */,
				4B728DCF1E7D8B99005F9142 /* W_IndexBuffer.cpp in Sources */,
				4B728DD61E7D8B99005F9142 /* W_VertexBuffer.cpp in Sources */,
				4B26F1E31E890049009E4728 /* Node.cpp in Sources */,
			);
			runOnlyForDeploymentPostprocessing = 0;
		};
/* End PBXSourcesBuildPhase section */

/* Begin XCBuildConfiguration section */
		4B5CF0D41E7B86D800623C6D /* Debug */ = {
			isa = XCBuildConfiguration;
			buildSettings = {
				ALWAYS_SEARCH_USER_PATHS = NO;
				CLANG_ANALYZER_NONNULL = YES;
				CLANG_CXX_LANGUAGE_STANDARD = "gnu++0x";
				CLANG_CXX_LIBRARY = "libc++";
				CLANG_ENABLE_MODULES = YES;
				CLANG_ENABLE_OBJC_ARC = YES;
				CLANG_WARN_BOOL_CONVERSION = YES;
				CLANG_WARN_CONSTANT_CONVERSION = YES;
				CLANG_WARN_DIRECT_OBJC_ISA_USAGE = YES_ERROR;
				CLANG_WARN_DOCUMENTATION_COMMENTS = YES;
				CLANG_WARN_EMPTY_BODY = YES;
				CLANG_WARN_ENUM_CONVERSION = YES;
				CLANG_WARN_INFINITE_RECURSION = YES;
				CLANG_WARN_INT_CONVERSION = YES;
				CLANG_WARN_OBJC_ROOT_CLASS = YES_ERROR;
				CLANG_WARN_SUSPICIOUS_MOVE = YES;
				CLANG_WARN_UNREACHABLE_CODE = YES;
				CLANG_WARN__DUPLICATE_METHOD_MATCH = YES;
				CODE_SIGN_IDENTITY = "-";
				COPY_PHASE_STRIP = NO;
				DEBUG_INFORMATION_FORMAT = dwarf;
				ENABLE_STRICT_OBJC_MSGSEND = YES;
				ENABLE_TESTABILITY = YES;
				GCC_C_LANGUAGE_STANDARD = gnu99;
				GCC_DYNAMIC_NO_PIC = NO;
				GCC_NO_COMMON_BLOCKS = YES;
				GCC_OPTIMIZATION_LEVEL = 0;
				GCC_PREPROCESSOR_DEFINITIONS = (
					"DEBUG=1",
					"$(inherited)",
				);
				GCC_WARN_64_TO_32_BIT_CONVERSION = YES;
				GCC_WARN_ABOUT_RETURN_TYPE = YES_ERROR;
				GCC_WARN_UNDECLARED_SELECTOR = YES;
				GCC_WARN_UNINITIALIZED_AUTOS = YES_AGGRESSIVE;
				GCC_WARN_UNUSED_FUNCTION = YES;
				GCC_WARN_UNUSED_VARIABLE = YES;
				MACOSX_DEPLOYMENT_TARGET = 10.12;
				MTL_ENABLE_DEBUG_INFO = YES;
				ONLY_ACTIVE_ARCH = YES;
				SDKROOT = macosx;
			};
			name = Debug;
		};
		4B5CF0D51E7B86D800623C6D /* Release */ = {
			isa = XCBuildConfiguration;
			buildSettings = {
				ALWAYS_SEARCH_USER_PATHS = NO;
				CLANG_ANALYZER_NONNULL = YES;
				CLANG_CXX_LANGUAGE_STANDARD = "gnu++0x";
				CLANG_CXX_LIBRARY = "libc++";
				CLANG_ENABLE_MODULES = YES;
				CLANG_ENABLE_OBJC_ARC = YES;
				CLANG_WARN_BOOL_CONVERSION = YES;
				CLANG_WARN_CONSTANT_CONVERSION = YES;
				CLANG_WARN_DIRECT_OBJC_ISA_USAGE = YES_ERROR;
				CLANG_WARN_DOCUMENTATION_COMMENTS = YES;
				CLANG_WARN_EMPTY_BODY = YES;
				CLANG_WARN_ENUM_CONVERSION = YES;
				CLANG_WARN_INFINITE_RECURSION = YES;
				CLANG_WARN_INT_CONVERSION = YES;
				CLANG_WARN_OBJC_ROOT_CLASS = YES_ERROR;
				CLANG_WARN_SUSPICIOUS_MOVE = YES;
				CLANG_WARN_UNREACHABLE_CODE = YES;
				CLANG_WARN__DUPLICATE_METHOD_MATCH = YES;
				CODE_SIGN_IDENTITY = "-";
				COPY_PHASE_STRIP = NO;
				DEBUG_INFORMATION_FORMAT = "dwarf-with-dsym";
				ENABLE_NS_ASSERTIONS = NO;
				ENABLE_STRICT_OBJC_MSGSEND = YES;
				GCC_C_LANGUAGE_STANDARD = gnu99;
				GCC_NO_COMMON_BLOCKS = YES;
				GCC_WARN_64_TO_32_BIT_CONVERSION = YES;
				GCC_WARN_ABOUT_RETURN_TYPE = YES_ERROR;
				GCC_WARN_UNDECLARED_SELECTOR = YES;
				GCC_WARN_UNINITIALIZED_AUTOS = YES_AGGRESSIVE;
				GCC_WARN_UNUSED_FUNCTION = YES;
				GCC_WARN_UNUSED_VARIABLE = YES;
				MACOSX_DEPLOYMENT_TARGET = 10.12;
				MTL_ENABLE_DEBUG_INFO = NO;
				SDKROOT = macosx;
			};
			name = Release;
		};
		4B5CF0D71E7B86D800623C6D /* Debug */ = {
			isa = XCBuildConfiguration;
			buildSettings = {
				HEADER_SEARCH_PATHS = /usr/local/include;
				LIBRARY_SEARCH_PATHS = (
					"$(inherited)",
					/usr/local/lib,
					/usr/local/Cellar/freeimage/3.17.0/lib,
				);
				OTHER_LDFLAGS = "";
				PRODUCT_NAME = "$(TARGET_NAME)";
			};
			name = Debug;
		};
		4B5CF0D81E7B86D800623C6D /* Release */ = {
			isa = XCBuildConfiguration;
			buildSettings = {
				HEADER_SEARCH_PATHS = /usr/local/include;
				LIBRARY_SEARCH_PATHS = (
					"$(inherited)",
					/usr/local/lib,
					/usr/local/Cellar/freeimage/3.17.0/lib,
				);
				OTHER_LDFLAGS = "";
				PRODUCT_NAME = "$(TARGET_NAME)";
			};
			name = Release;
		};
/* End XCBuildConfiguration section */

/* Begin XCConfigurationList section */
		4B5CF0CA1E7B86D800623C6D /* Build configuration list for PBXProject "GraphicsPlayground-Mac" */ = {
			isa = XCConfigurationList;
			buildConfigurations = (
				4B5CF0D41E7B86D800623C6D /* Debug */,
				4B5CF0D51E7B86D800623C6D /* Release */,
			);
			defaultConfigurationIsVisible = 0;
			defaultConfigurationName = Release;
		};
		4B5CF0D61E7B86D800623C6D /* Build configuration list for PBXNativeTarget "GraphicsPlayground-Mac" */ = {
			isa = XCConfigurationList;
			buildConfigurations = (
				4B5CF0D71E7B86D800623C6D /* Debug */,
				4B5CF0D81E7B86D800623C6D /* Release */,
			);
			defaultConfigurationIsVisible = 0;
			defaultConfigurationName = Release;
		};
/* End XCConfigurationList section */
	};
	rootObject = 4B5CF0C71E7B86D800623C6D /* Project object */;
}
